{
    "requires": true,
    "lockfileVersion": 1,
    "dependencies": {
        "adm-zip": {
            "version": "0.5.10",
            "resolved": "https://registry.npmjs.org/adm-zip/-/adm-zip-0.5.10.tgz",
            "integrity": "sha512-x0HvcHqVJNTPk/Bw8JbLWlWoo6Wwnsug0fnYYro1HBrjxZ3G7/AZk7Ahv8JwDe1uIcz8eBqvu86FuF1POiG7vQ=="
        },
        "datatables.net-editor": {
            "version": "2.2.2",
            "resolved": "https://registry.npmjs.org/datatables.net-editor/-/datatables.net-editor-2.2.2.tgz",
            "integrity": "sha512-jvx0gVEyLe9OX3+uzCjvCzTgzzv2y0X4bKJuqayAiEJ9yCbzouoj18zAdvj2go+3DA1ClhN9QXQSbwR3F7tOmg==",
            "requires": {
                "adm-zip": "^0.5.0"
            }
        },
        "datatables.net-editor-bs5": {
            "version": "2.2.0",
            "resolved": "https://registry.npmjs.org/datatables.net-editor-bs5/-/datatables.net-editor-bs5-2.2.0.tgz",
            "integrity": "sha512-p05umkPvQIs6nwXcYNOp4pAwQahx8FkVLNcvCFH7ydhl6vBBRr4S12Z4a0sxIJPSgEEczDHUOK7wrYHZHw020Q==",
            "requires": {
                "datatables.net-editor": "^2.2.0"
            }
        }
    }
}
